{
  "name": "swdb-fe",
  "version": "1.0.0",
  "lockfileVersion": 1,
  "requires": true,
  "dependencies": {
    "angular": {
      "version": "1.7.5",
      "resolved": "https://artifacts.frib.msu.edu/repository/npm-registry/angular/-/angular-1.7.5.tgz",
      "integrity": "sha512-760183yxtGzni740IBTieNuWLtPNAoMqvmC0Z62UoU0I3nqk+VJuO3JbQAXOyvo3Oy/ZsdNQwrSTh/B0OQZjNw=="
    },
    "angular-animate": {
      "version": "1.7.5",
      "resolved": "https://artifacts.frib.msu.edu/repository/npm-registry/angular-animate/-/angular-animate-1.7.5.tgz",
      "integrity": "sha512-kU/fHIGf2a4a3bH7E1tzALTHk+QfoUSCK9fEcMFisd6ZWvNDwPzXWAilItqOC3EDiAXPmGHaNc9/aXiD9xrAxQ=="
    },
    "angular-cookies": {
      "version": "1.7.5",
      "resolved": "https://artifacts.frib.msu.edu/repository/npm-registry/angular-cookies/-/angular-cookies-1.7.5.tgz",
      "integrity": "sha512-/8xvvSl/Z9Vwu8ChRm+OQE3vmli8Icwl8uTYkHqD7j7cknJP9kNaf7SgsENlsLVtOqLE/I7TCFYrSx3bmSeNQA=="
    },
    "angular-datatables": {
      "version": "0.6.4",
      "resolved": "https://artifacts.frib.msu.edu/repository/npm-registry/angular-datatables/-/angular-datatables-0.6.4.tgz",
      "integrity": "sha512-c+pODkVd18ZKyJ1RJeu+uqV4IviEAG+a0OgXLDRdDRyqfREEGdi02wg0f3u79+CpjY8vYRGYv36MsAuQf6SQyA==",
      "requires": {
        "angular": "1.7.5",
        "datatables.net": "1.10.19",
        "datatables.net-dt": "1.10.19",
        "jquery": "3.3.1"
      },
      "dependencies": {
        "angular": {
          "version": "1.7.5",
          "resolved": "https://artifacts.frib.msu.edu/repository/npm-registry/angular/-/angular-1.7.5.tgz",
          "integrity": "sha512-760183yxtGzni740IBTieNuWLtPNAoMqvmC0Z62UoU0I3nqk+VJuO3JbQAXOyvo3Oy/ZsdNQwrSTh/B0OQZjNw=="
        }
      }
    },
    "angular-deferred-bootstrap": {
      "version": "0.1.9",
      "resolved": "https://registry.npmjs.org/angular-deferred-bootstrap/-/angular-deferred-bootstrap-0.1.9.tgz",
      "integrity": "sha1-/P8BtUK//N0NXfsUiULncTXeNG4="
    },
    "angular-messages": {
      "version": "1.7.5",
      "resolved": "https://artifacts.frib.msu.edu/repository/npm-registry/angular-messages/-/angular-messages-1.7.5.tgz",
      "integrity": "sha512-YDpJpFLyrIgZjE/sIAjgww1y6r3QqXBJbNDI0QjftD37vHXLkwvAOo3A4bxPw8BikyGLcJrFrgf6hRAzntJIWA=="
    },
    "angular-route": {
      "version": "1.7.5",
      "resolved": "https://artifacts.frib.msu.edu/repository/npm-registry/angular-route/-/angular-route-1.7.5.tgz",
      "integrity": "sha512-7KfyEVVOWTI+jTY/j5rUNCIHGRyeCOx7YqZI/Ci3IbDK7GIsy6xH+hS5ai0Xi0sLjzDZ0PUDO4gBn+K0dVtlOg=="
    },
    "angular-sanitize": {
      "version": "1.7.5",
      "resolved": "https://artifacts.frib.msu.edu/repository/npm-registry/angular-sanitize/-/angular-sanitize-1.7.5.tgz",
      "integrity": "sha512-wjKCJOIwrkEvfD0keTnKGi6We13gtoCAQIHcdoqyoo3gwvcgNfYymVQIS3+iCGVcjfWz0jHuS3KgB4ysRWsTTA=="
    },
    "angular-ui-bootstrap": {
      "version": "2.5.6",
      "resolved": "https://artifacts.frib.msu.edu/repository/npm-registry/angular-ui-bootstrap/-/angular-ui-bootstrap-2.5.6.tgz",
      "integrity": "sha512-yzcHpPMLQl0232nDzm5P4iAFTFQ9dMw0QgFLuKYbDj9M0xJ62z0oudYD/Lvh1pWfRsukiytP4Xj6BHOSrSXP8A=="
    },
    "bootstrap": {
      "version": "3.3.7",
      "resolved": "https://registry.npmjs.org/bootstrap/-/bootstrap-3.3.7.tgz",
      "integrity": "sha1-WjiTlFSfIzMIdaOxUGVldPip63E="
    },
    "datatables.net": {
      "version": "1.10.19",
      "resolved": "https://artifacts.frib.msu.edu/repository/npm-registry/datatables.net/-/datatables.net-1.10.19.tgz",
      "integrity": "sha512-+ljXcI6Pj3PTGy5pesp3E5Dr3x3AV45EZe0o1r0gKENN2gafBKXodVnk2ypKwl2tTmivjxbkiqoWnipTefyBTA==",
      "requires": {
        "jquery": "3.3.1"
      }
    },
    "datatables.net-bs": {
      "version": "1.10.19",
      "resolved": "https://artifacts.frib.msu.edu/repository/npm-registry/datatables.net-bs/-/datatables.net-bs-1.10.19.tgz",
      "integrity": "sha512-5gxoI2n+duZP06+4xVC2TtH6zcY369/TRKTZ1DdSgDcDUl4OYQsrXCuaLJmbVzna/5Y5lrMmK7CxgvYgIynICA==",
      "requires": {
        "datatables.net": "1.10.19",
        "jquery": "3.3.1"
      }
    },
    "datatables.net-dt": {
      "version": "1.10.19",
      "resolved": "https://artifacts.frib.msu.edu/repository/npm-registry/datatables.net-dt/-/datatables.net-dt-1.10.19.tgz",
      "integrity": "sha512-joFHYjLYvr9VnC9Fx3e+8jtXnQ/fP/mPFWt9p0NhZ3Zm5N0jlYyWhJQbnLkihOLuDcDFMaGdBQSvmIdTVdgGyw==",
      "requires": {
        "datatables.net": "1.10.19",
        "jquery": "3.3.1"
      },
      "dependencies": {
        "datatables.net": {
          "version": "1.10.19",
          "resolved": "https://artifacts.frib.msu.edu/repository/npm-registry/datatables.net/-/datatables.net-1.10.19.tgz",
          "integrity": "sha512-+ljXcI6Pj3PTGy5pesp3E5Dr3x3AV45EZe0o1r0gKENN2gafBKXodVnk2ypKwl2tTmivjxbkiqoWnipTefyBTA==",
          "requires": {
            "jquery": "3.3.1"
          }
        }
      }
    },
    "es6-promise": {
      "version": "4.2.5",
      "resolved": "https://artifacts.frib.msu.edu/repository/npm-registry/es6-promise/-/es6-promise-4.2.5.tgz",
      "integrity": "sha512-n6wvpdE43VFtJq+lUDYDBFUwV8TZbuGXLV4D6wKafg13ldznKsyEvatubnmUe31zcvelSzOHF+XbaT+Bl9ObDg=="
    },
    "font-awesome": {
      "version": "4.7.0",
      "resolved": "https://registry.npmjs.org/font-awesome/-/font-awesome-4.7.0.tgz",
      "integrity": "sha1-j6jPBBGhoxr9B7BtKQK7n8gVoTM="
    },
    "jquery": {
      "version": "3.3.1",
      "resolved": "https://artifacts.frib.msu.edu/repository/npm-registry/jquery/-/jquery-3.3.1.tgz",
      "integrity": "sha512-Ubldcmxp5np52/ENotGxlLe6aGMvmF4R8S6tZjsP6Knsaxd/xp3Zrh50cG93lR6nPXyUFwzN3ZSOQI0wRJNdGg=="
    },
    "ui-select": {
      "version": "0.19.8",
      "resolved": "https://artifacts.frib.msu.edu/repository/npm-registry/ui-select/-/ui-select-0.19.8.tgz",
      "integrity": "sha1-dIYISKf9i8SU2YVtL2J3bqmGN8E="
    }
  }
}
