{
  "name": "swdb-fe",
  "version": "1.0.0",
  "lockfileVersion": 1,
  "requires": true,
  "dependencies": {
    "angular": {
      "version": "1.8.0",
      "resolved": "https://registry.npmjs.org/angular/-/angular-1.8.0.tgz",
      "integrity": "sha512-VdaMx+Qk0Skla7B5gw77a8hzlcOakwF8mjlW13DpIWIDlfqwAbSSLfd8N/qZnzEmQF4jC4iofInd3gE7vL8ZZg=="
    },
    "angular-animate": {
      "version": "1.7.6",
      "resolved": "https://registry.npmjs.org/angular-animate/-/angular-animate-1.7.6.tgz",
      "integrity": "sha512-WPzJkmpVQut8SrTPEjAImRqPfcB2E6TsZDndF7Z7Yu5hBDUIvOM/m62rWxLiWhQg2DlbDuejz6mKQwTakgMThA=="
    },
    "angular-cookies": {
      "version": "1.7.6",
      "resolved": "https://registry.npmjs.org/angular-cookies/-/angular-cookies-1.7.6.tgz",
      "integrity": "sha512-BkwpZEruj2crsegrOJJvDIWjEBnIAK9PFq39y5rLtiqc2hOXYTs+sVzgq9qit2dlqZTH+xPIaiP2LXADv64W6g=="
    },
    "angular-datatables": {
      "version": "0.6.4",
      "resolved": "https://artifacts.frib.msu.edu/repository/npm-registry/angular-datatables/-/angular-datatables-0.6.4.tgz",
      "integrity": "sha512-c+pODkVd18ZKyJ1RJeu+uqV4IviEAG+a0OgXLDRdDRyqfREEGdi02wg0f3u79+CpjY8vYRGYv36MsAuQf6SQyA==",
      "requires": {
        "angular": ">=1.7.0",
        "datatables.net": "^1.10.11",
        "datatables.net-dt": "^1.10.11",
        "jquery": ">=1.11.0"
      },
      "dependencies": {
        "angular": {
          "version": "1.7.5",
          "resolved": "https://artifacts.frib.msu.edu/repository/npm-registry/angular/-/angular-1.7.5.tgz",
          "integrity": "sha512-760183yxtGzni740IBTieNuWLtPNAoMqvmC0Z62UoU0I3nqk+VJuO3JbQAXOyvo3Oy/ZsdNQwrSTh/B0OQZjNw=="
        }
      }
    },
    "angular-deferred-bootstrap": {
      "version": "0.1.9",
      "resolved": "https://registry.npmjs.org/angular-deferred-bootstrap/-/angular-deferred-bootstrap-0.1.9.tgz",
      "integrity": "sha1-/P8BtUK//N0NXfsUiULncTXeNG4="
    },
    "angular-messages": {
      "version": "1.7.6",
      "resolved": "https://registry.npmjs.org/angular-messages/-/angular-messages-1.7.6.tgz",
      "integrity": "sha512-ch+J1SjK3gbfc7N6epG2+nov59Fdc+8i6Hl+DYxwtlL1X4D3ZhYGymL65gG6fc+yyqBWhZ8athr+lgd5qcu77Q=="
    },
    "angular-route": {
      "version": "1.7.6",
      "resolved": "https://registry.npmjs.org/angular-route/-/angular-route-1.7.6.tgz",
      "integrity": "sha512-pssJ9IdZfXdFO5lYUokIeihTUjZf9Wvy+hwyuZdFj2BBr7dIccpVfdIv9LbbH+4ahVLQrY5tzuyJQh/Hp7gRaQ=="
    },
    "angular-sanitize": {
      "version": "1.7.6",
      "resolved": "https://registry.npmjs.org/angular-sanitize/-/angular-sanitize-1.7.6.tgz",
      "integrity": "sha512-wDRCQ6VAHzHmEWgpC9nb1ea74IGJgP3dCUgF9DHtHQJSeNvAB/2e4glxfogS3tzGOEnppzLEOD1v+m5lJeEo1Q=="
    },
    "angular-ui-bootstrap": {
      "version": "2.5.6",
      "resolved": "https://artifacts.frib.msu.edu/repository/npm-registry/angular-ui-bootstrap/-/angular-ui-bootstrap-2.5.6.tgz",
      "integrity": "sha512-yzcHpPMLQl0232nDzm5P4iAFTFQ9dMw0QgFLuKYbDj9M0xJ62z0oudYD/Lvh1pWfRsukiytP4Xj6BHOSrSXP8A=="
    },
    "bootstrap": {
      "version": "3.3.7",
      "resolved": "https://registry.npmjs.org/bootstrap/-/bootstrap-3.3.7.tgz",
      "integrity": "sha1-WjiTlFSfIzMIdaOxUGVldPip63E="
    },
    "datatables.net": {
      "version": "1.10.19",
      "resolved": "https://artifacts.frib.msu.edu/repository/npm-registry/datatables.net/-/datatables.net-1.10.19.tgz",
      "integrity": "sha512-+ljXcI6Pj3PTGy5pesp3E5Dr3x3AV45EZe0o1r0gKENN2gafBKXodVnk2ypKwl2tTmivjxbkiqoWnipTefyBTA==",
      "requires": {
        "jquery": ">=1.7"
      }
    },
    "datatables.net-bs": {
      "version": "1.10.19",
      "resolved": "https://artifacts.frib.msu.edu/repository/npm-registry/datatables.net-bs/-/datatables.net-bs-1.10.19.tgz",
      "integrity": "sha512-5gxoI2n+duZP06+4xVC2TtH6zcY369/TRKTZ1DdSgDcDUl4OYQsrXCuaLJmbVzna/5Y5lrMmK7CxgvYgIynICA==",
      "requires": {
        "datatables.net": "1.10.19",
        "jquery": ">=1.7"
      }
    },
    "datatables.net-dt": {
      "version": "1.10.19",
      "resolved": "https://artifacts.frib.msu.edu/repository/npm-registry/datatables.net-dt/-/datatables.net-dt-1.10.19.tgz",
      "integrity": "sha512-joFHYjLYvr9VnC9Fx3e+8jtXnQ/fP/mPFWt9p0NhZ3Zm5N0jlYyWhJQbnLkihOLuDcDFMaGdBQSvmIdTVdgGyw==",
      "requires": {
        "datatables.net": "1.10.19",
        "jquery": ">=1.7"
      },
      "dependencies": {
        "datatables.net": {
          "version": "1.10.19",
          "resolved": "https://artifacts.frib.msu.edu/repository/npm-registry/datatables.net/-/datatables.net-1.10.19.tgz",
          "integrity": "sha512-+ljXcI6Pj3PTGy5pesp3E5Dr3x3AV45EZe0o1r0gKENN2gafBKXodVnk2ypKwl2tTmivjxbkiqoWnipTefyBTA==",
          "requires": {
            "jquery": ">=1.7"
          }
        }
      }
    },
    "es6-promise": {
      "version": "4.2.5",
      "resolved": "https://artifacts.frib.msu.edu/repository/npm-registry/es6-promise/-/es6-promise-4.2.5.tgz",
      "integrity": "sha512-n6wvpdE43VFtJq+lUDYDBFUwV8TZbuGXLV4D6wKafg13ldznKsyEvatubnmUe31zcvelSzOHF+XbaT+Bl9ObDg=="
    },
    "font-awesome": {
      "version": "4.7.0",
      "resolved": "https://registry.npmjs.org/font-awesome/-/font-awesome-4.7.0.tgz",
      "integrity": "sha1-j6jPBBGhoxr9B7BtKQK7n8gVoTM="
    },
    "jquery": {
      "version": "3.3.1",
      "resolved": "https://artifacts.frib.msu.edu/repository/npm-registry/jquery/-/jquery-3.3.1.tgz",
      "integrity": "sha512-Ubldcmxp5np52/ENotGxlLe6aGMvmF4R8S6tZjsP6Knsaxd/xp3Zrh50cG93lR6nPXyUFwzN3ZSOQI0wRJNdGg=="
    },
    "ui-select": {
      "version": "0.19.8",
      "resolved": "https://artifacts.frib.msu.edu/repository/npm-registry/ui-select/-/ui-select-0.19.8.tgz",
      "integrity": "sha1-dIYISKf9i8SU2YVtL2J3bqmGN8E="
    }
  }
}
